
Microsoft Visual Studio Solution File, Format Version 12.00
# Visual Studio 15
VisualStudioVersion = 15.0.27703.2042
MinimumVisualStudioVersion = 10.0.40219.1
Project("{F184B08F-C81C-45F6-A57F-5ABD9991F28F}") = "PostInstall", "PostInstall\PostInstall.vbproj", "{758FB5E9-ECF1-4FEB-97B8-7CAE7F466840}"
EndProject
Global
	GlobalSection(SolutionConfigurationPlatforms) = preSolution
		Debug|Any CPU = Debug|Any CPU
		Release|Any CPU = Release|Any CPU
	EndGlobalSection
	GlobalSection(ProjectConfigurationPlatforms) = postSolution
		{758FB5E9-ECF1-4FEB-97B8-7CAE7F466840}.Debug|Any CPU.ActiveCfg = Debug|Any CPU
		{758FB5E9-ECF1-4FEB-97B8-7CAE7F466840}.Debug|Any CPU.Build.0 = Debug|Any CPU
		{758FB5E9-ECF1-4FEB-97B8-7CAE7F466840}.Release|Any CPU.ActiveCfg = Release|Any CPU
		{758FB5E9-ECF1-4FEB-97B8-7CAE7F466840}.Release|Any CPU.Build.0 = Release|Any CPU
	EndGlobalSection
	GlobalSection(SolutionProperties) = preSolution
		HideSolutionNode = FALSE
	EndGlobalSection
	GlobalSection(ExtensibilityGlobals) = postSolution
		SolutionGuid = {B2202194-0D58-43D9-9BC6-FAEAE60790A7}
	EndGlobalSection
EndGlobal
